// !$*UTF8*$!
{
	archiveVersion = 1;
	classes = {
	};
	objectVersion = 51;
	objects = {

/* Begin PBXBuildFile section */
		6D0137AE227C9B6900797006 /* CategoriesViewController.m in Sources */ = {isa = PBXBuildFile; fileRef = 6D0137AC227C9B6800797006 /* CategoriesViewController.m */; };
		6D0137B3227C9BD200797006 /* CategoryViewCell.m in Sources */ = {isa = PBXBuildFile; fileRef = 6D0137B0227C9BD100797006 /* CategoryViewCell.m */; };
		6D0137B4227C9BD200797006 /* CategoriesViewModel.m in Sources */ = {isa = PBXBuildFile; fileRef = 6D0137B2227C9BD200797006 /* CategoriesViewModel.m */; };
		6D0137B6227C9C8800797006 /* Main.storyboard in Resources */ = {isa = PBXBuildFile; fileRef = 6D0137B5227C9C8800797006 /* Main.storyboard */; };
		6EBDFE20EADB5BE4DDC36B99 /* libPods-iOS-Shopper18.a in Frameworks */ = {isa = PBXBuildFile; fileRef = 3767B6D6BA0F789D1EA64F4B /* libPods-iOS-Shopper18.a */; };
		A3E30393227CEA3E001E48AF /* FeedbackViewController.m in Sources */ = {isa = PBXBuildFile; fileRef = A3E30392227CEA3E001E48AF /* FeedbackViewController.m */; };
		E18ADF43227C034C001EC15F /* Category.m in Sources */ = {isa = PBXBuildFile; fileRef = E18ADF42227C034C001EC15F /* Category.m */; };
		E18ADF46227C0A48001EC15F /* Product.m in Sources */ = {isa = PBXBuildFile; fileRef = E18ADF45227C0A48001EC15F /* Product.m */; };
		E18ADF49227C10EA001EC15F /* APIParser.m in Sources */ = {isa = PBXBuildFile; fileRef = E18ADF48227C10EA001EC15F /* APIParser.m */; };
		E1AF4A32227E411D0087D198 /* Category.storyboard in Resources */ = {isa = PBXBuildFile; fileRef = E1AF4A31227E411D0087D198 /* Category.storyboard */; };
		E1AF4A35227E47B40087D198 /* User.m in Sources */ = {isa = PBXBuildFile; fileRef = E1AF4A34227E47B40087D198 /* User.m */; };
		E1C45367227CB47A001CD5E6 /* Login.storyboard in Resources */ = {isa = PBXBuildFile; fileRef = E1C45366227CB47A001CD5E6 /* Login.storyboard */; };
		E1C4536A227CB4E4001CD5E6 /* RegisterViewController.m in Sources */ = {isa = PBXBuildFile; fileRef = E1C45369227CB4E3001CD5E6 /* RegisterViewController.m */; };
		E1C4536D227CB586001CD5E6 /* RegisterViewModel.m in Sources */ = {isa = PBXBuildFile; fileRef = E1C4536C227CB586001CD5E6 /* RegisterViewModel.m */; };
		E1C45371227CC1BF001CD5E6 /* FloatLabeledTextFieldCell.m in Sources */ = {isa = PBXBuildFile; fileRef = E1C4536F227CC1BF001CD5E6 /* FloatLabeledTextFieldCell.m */; };
		E1C45376227D3AA5001CD5E6 /* BaseFormViewController.m in Sources */ = {isa = PBXBuildFile; fileRef = E1C45375227D3AA5001CD5E6 /* BaseFormViewController.m */; };
		E1C4537B227D4875001CD5E6 /* UIView+InterfaceBuilder.m in Sources */ = {isa = PBXBuildFile; fileRef = E1C4537A227D4875001CD5E6 /* UIView+InterfaceBuilder.m */; };
		E1E25592227B61EF00230E4F /* AppDelegate.m in Sources */ = {isa = PBXBuildFile; fileRef = E1E25591227B61EF00230E4F /* AppDelegate.m */; };
		E1E2559A227B61F000230E4F /* Assets.xcassets in Resources */ = {isa = PBXBuildFile; fileRef = E1E25599227B61F000230E4F /* Assets.xcassets */; };
		E1E2559D227B61F000230E4F /* LaunchScreen.storyboard in Resources */ = {isa = PBXBuildFile; fileRef = E1E2559B227B61F000230E4F /* LaunchScreen.storyboard */; };
		E1E255A0227B61F000230E4F /* main.m in Sources */ = {isa = PBXBuildFile; fileRef = E1E2559F227B61F000230E4F /* main.m */; };
		E1E255A9227B639400230E4F /* Colors.xcassets in Resources */ = {isa = PBXBuildFile; fileRef = E1E255A8227B639400230E4F /* Colors.xcassets */; };
		E1E255B1227B731A00230E4F /* LoginViewController.m in Sources */ = {isa = PBXBuildFile; fileRef = E1E255B0227B731A00230E4F /* LoginViewController.m */; };
		E1E255B4227B733300230E4F /* APIHandler.m in Sources */ = {isa = PBXBuildFile; fileRef = E1E255B3227B733300230E4F /* APIHandler.m */; };
		E1E255B7227B74A400230E4F /* LoginViewModel.m in Sources */ = {isa = PBXBuildFile; fileRef = E1E255B6227B74A400230E4F /* LoginViewModel.m */; };
		E1F91D0B227BEBE8009D0D54 /* Order.m in Sources */ = {isa = PBXBuildFile; fileRef = E1F91D0A227BEBE8009D0D54 /* Order.m */; };
/* End PBXBuildFile section */

/* Begin PBXFileReference section */
		321B2C67D44EE3915873EAE5 /* Pods-iOS-Shopper18.release.xcconfig */ = {isa = PBXFileReference; includeInIndex = 1; lastKnownFileType = text.xcconfig; name = "Pods-iOS-Shopper18.release.xcconfig"; path = "Target Support Files/Pods-iOS-Shopper18/Pods-iOS-Shopper18.release.xcconfig"; sourceTree = "<group>"; };
		3767B6D6BA0F789D1EA64F4B /* libPods-iOS-Shopper18.a */ = {isa = PBXFileReference; explicitFileType = archive.ar; includeInIndex = 0; path = "libPods-iOS-Shopper18.a"; sourceTree = BUILT_PRODUCTS_DIR; };
		61DEB2EB65CBFCEA080A7666 /* Pods-iOS-Shopper18.debug.xcconfig */ = {isa = PBXFileReference; includeInIndex = 1; lastKnownFileType = text.xcconfig; name = "Pods-iOS-Shopper18.debug.xcconfig"; path = "Target Support Files/Pods-iOS-Shopper18/Pods-iOS-Shopper18.debug.xcconfig"; sourceTree = "<group>"; };
		6D0137AC227C9B6800797006 /* CategoriesViewController.m */ = {isa = PBXFileReference; fileEncoding = 4; lastKnownFileType = sourcecode.c.objc; path = CategoriesViewController.m; sourceTree = "<group>"; };
		6D0137AD227C9B6800797006 /* CategoriesViewController.h */ = {isa = PBXFileReference; fileEncoding = 4; lastKnownFileType = sourcecode.c.h; path = CategoriesViewController.h; sourceTree = "<group>"; };
		6D0137AF227C9BD100797006 /* CategoryViewCell.h */ = {isa = PBXFileReference; fileEncoding = 4; lastKnownFileType = sourcecode.c.h; path = CategoryViewCell.h; sourceTree = "<group>"; };
		6D0137B0227C9BD100797006 /* CategoryViewCell.m */ = {isa = PBXFileReference; fileEncoding = 4; lastKnownFileType = sourcecode.c.objc; path = CategoryViewCell.m; sourceTree = "<group>"; };
		6D0137B1227C9BD100797006 /* CategoriesViewModel.h */ = {isa = PBXFileReference; fileEncoding = 4; lastKnownFileType = sourcecode.c.h; path = CategoriesViewModel.h; sourceTree = "<group>"; };
		6D0137B2227C9BD200797006 /* CategoriesViewModel.m */ = {isa = PBXFileReference; fileEncoding = 4; lastKnownFileType = sourcecode.c.objc; path = CategoriesViewModel.m; sourceTree = "<group>"; };
		6D0137B5227C9C8800797006 /* Main.storyboard */ = {isa = PBXFileReference; fileEncoding = 4; lastKnownFileType = file.storyboard; path = Main.storyboard; sourceTree = "<group>"; };
		A3E30391227CEA3E001E48AF /* FeedbackViewController.h */ = {isa = PBXFileReference; lastKnownFileType = sourcecode.c.h; path = FeedbackViewController.h; sourceTree = "<group>"; };
		A3E30392227CEA3E001E48AF /* FeedbackViewController.m */ = {isa = PBXFileReference; lastKnownFileType = sourcecode.c.objc; path = FeedbackViewController.m; sourceTree = "<group>"; };
		E18ADF41227C034C001EC15F /* Category.h */ = {isa = PBXFileReference; lastKnownFileType = sourcecode.c.h; path = Category.h; sourceTree = "<group>"; };
		E18ADF42227C034C001EC15F /* Category.m */ = {isa = PBXFileReference; lastKnownFileType = sourcecode.c.objc; path = Category.m; sourceTree = "<group>"; };
		E18ADF44227C0A48001EC15F /* Product.h */ = {isa = PBXFileReference; lastKnownFileType = sourcecode.c.h; path = Product.h; sourceTree = "<group>"; };
		E18ADF45227C0A48001EC15F /* Product.m */ = {isa = PBXFileReference; lastKnownFileType = sourcecode.c.objc; path = Product.m; sourceTree = "<group>"; };
		E18ADF47227C10EA001EC15F /* APIParser.h */ = {isa = PBXFileReference; lastKnownFileType = sourcecode.c.h; path = APIParser.h; sourceTree = "<group>"; };
		E18ADF48227C10EA001EC15F /* APIParser.m */ = {isa = PBXFileReference; lastKnownFileType = sourcecode.c.objc; path = APIParser.m; sourceTree = "<group>"; };
		E1AF4A31227E411D0087D198 /* Category.storyboard */ = {isa = PBXFileReference; lastKnownFileType = file.storyboard; path = Category.storyboard; sourceTree = "<group>"; };
		E1AF4A33227E47B40087D198 /* User.h */ = {isa = PBXFileReference; lastKnownFileType = sourcecode.c.h; path = User.h; sourceTree = "<group>"; };
		E1AF4A34227E47B40087D198 /* User.m */ = {isa = PBXFileReference; lastKnownFileType = sourcecode.c.objc; path = User.m; sourceTree = "<group>"; };
		E1C45366227CB47A001CD5E6 /* Login.storyboard */ = {isa = PBXFileReference; lastKnownFileType = file.storyboard; path = Login.storyboard; sourceTree = "<group>"; };
		E1C45368227CB4E3001CD5E6 /* RegisterViewController.h */ = {isa = PBXFileReference; lastKnownFileType = sourcecode.c.h; path = RegisterViewController.h; sourceTree = "<group>"; };
		E1C45369227CB4E3001CD5E6 /* RegisterViewController.m */ = {isa = PBXFileReference; lastKnownFileType = sourcecode.c.objc; path = RegisterViewController.m; sourceTree = "<group>"; };
		E1C4536B227CB586001CD5E6 /* RegisterViewModel.h */ = {isa = PBXFileReference; lastKnownFileType = sourcecode.c.h; path = RegisterViewModel.h; sourceTree = "<group>"; };
		E1C4536C227CB586001CD5E6 /* RegisterViewModel.m */ = {isa = PBXFileReference; lastKnownFileType = sourcecode.c.objc; path = RegisterViewModel.m; sourceTree = "<group>"; };
		E1C4536F227CC1BF001CD5E6 /* FloatLabeledTextFieldCell.m */ = {isa = PBXFileReference; fileEncoding = 4; lastKnownFileType = sourcecode.c.objc; path = FloatLabeledTextFieldCell.m; sourceTree = "<group>"; };
		E1C45372227CC1D4001CD5E6 /* FloatLabeledTextFieldCell.h */ = {isa = PBXFileReference; lastKnownFileType = sourcecode.c.h; path = FloatLabeledTextFieldCell.h; sourceTree = "<group>"; };
		E1C45374227D3AA5001CD5E6 /* BaseFormViewController.h */ = {isa = PBXFileReference; lastKnownFileType = sourcecode.c.h; path = BaseFormViewController.h; sourceTree = "<group>"; };
		E1C45375227D3AA5001CD5E6 /* BaseFormViewController.m */ = {isa = PBXFileReference; lastKnownFileType = sourcecode.c.objc; path = BaseFormViewController.m; sourceTree = "<group>"; };
		E1C45379227D4875001CD5E6 /* UIView+InterfaceBuilder.h */ = {isa = PBXFileReference; lastKnownFileType = sourcecode.c.h; path = "UIView+InterfaceBuilder.h"; sourceTree = "<group>"; };
		E1C4537A227D4875001CD5E6 /* UIView+InterfaceBuilder.m */ = {isa = PBXFileReference; lastKnownFileType = sourcecode.c.objc; path = "UIView+InterfaceBuilder.m"; sourceTree = "<group>"; };
		E1E2558D227B61EF00230E4F /* iOS-Shopper18.app */ = {isa = PBXFileReference; explicitFileType = wrapper.application; includeInIndex = 0; path = "iOS-Shopper18.app"; sourceTree = BUILT_PRODUCTS_DIR; };
		E1E25590227B61EF00230E4F /* AppDelegate.h */ = {isa = PBXFileReference; lastKnownFileType = sourcecode.c.h; path = AppDelegate.h; sourceTree = "<group>"; };
		E1E25591227B61EF00230E4F /* AppDelegate.m */ = {isa = PBXFileReference; lastKnownFileType = sourcecode.c.objc; path = AppDelegate.m; sourceTree = "<group>"; };
		E1E25599227B61F000230E4F /* Assets.xcassets */ = {isa = PBXFileReference; lastKnownFileType = folder.assetcatalog; path = Assets.xcassets; sourceTree = "<group>"; };
		E1E2559C227B61F000230E4F /* Base */ = {isa = PBXFileReference; lastKnownFileType = file.storyboard; name = Base; path = Base.lproj/LaunchScreen.storyboard; sourceTree = "<group>"; };
		E1E2559E227B61F000230E4F /* Info.plist */ = {isa = PBXFileReference; lastKnownFileType = text.plist.xml; path = Info.plist; sourceTree = "<group>"; };
		E1E2559F227B61F000230E4F /* main.m */ = {isa = PBXFileReference; lastKnownFileType = sourcecode.c.objc; path = main.m; sourceTree = "<group>"; };
		E1E255A8227B639400230E4F /* Colors.xcassets */ = {isa = PBXFileReference; lastKnownFileType = folder.assetcatalog; path = Colors.xcassets; sourceTree = "<group>"; };
		E1E255AF227B731A00230E4F /* LoginViewController.h */ = {isa = PBXFileReference; lastKnownFileType = sourcecode.c.h; path = LoginViewController.h; sourceTree = "<group>"; };
		E1E255B0227B731A00230E4F /* LoginViewController.m */ = {isa = PBXFileReference; lastKnownFileType = sourcecode.c.objc; path = LoginViewController.m; sourceTree = "<group>"; };
		E1E255B2227B733300230E4F /* APIHandler.h */ = {isa = PBXFileReference; lastKnownFileType = sourcecode.c.h; path = APIHandler.h; sourceTree = "<group>"; };
		E1E255B3227B733300230E4F /* APIHandler.m */ = {isa = PBXFileReference; lastKnownFileType = sourcecode.c.objc; path = APIHandler.m; sourceTree = "<group>"; };
		E1E255B5227B74A400230E4F /* LoginViewModel.h */ = {isa = PBXFileReference; lastKnownFileType = sourcecode.c.h; path = LoginViewModel.h; sourceTree = "<group>"; };
		E1E255B6227B74A400230E4F /* LoginViewModel.m */ = {isa = PBXFileReference; lastKnownFileType = sourcecode.c.objc; path = LoginViewModel.m; sourceTree = "<group>"; };
		E1EC9F5C227BA6AC00FD5CBB /* PrefixHeader.pch */ = {isa = PBXFileReference; lastKnownFileType = sourcecode.c.h; path = PrefixHeader.pch; sourceTree = "<group>"; };
		E1EC9F5D227BA6B800FD5CBB /* Constants.h */ = {isa = PBXFileReference; lastKnownFileType = sourcecode.c.h; path = Constants.h; sourceTree = "<group>"; };
		E1F91D09227BEBE8009D0D54 /* Order.h */ = {isa = PBXFileReference; lastKnownFileType = sourcecode.c.h; path = Order.h; sourceTree = "<group>"; };
		E1F91D0A227BEBE8009D0D54 /* Order.m */ = {isa = PBXFileReference; lastKnownFileType = sourcecode.c.objc; path = Order.m; sourceTree = "<group>"; };
/* End PBXFileReference section */

/* Begin PBXFrameworksBuildPhase section */
		E1E2558A227B61EF00230E4F /* Frameworks */ = {
			isa = PBXFrameworksBuildPhase;
			buildActionMask = 2147483647;
			files = (
				6EBDFE20EADB5BE4DDC36B99 /* libPods-iOS-Shopper18.a in Frameworks */,
			);
			runOnlyForDeploymentPostprocessing = 0;
		};
/* End PBXFrameworksBuildPhase section */

/* Begin PBXGroup section */
		0694EF2DA5E038A9B316777E /* Frameworks */ = {
			isa = PBXGroup;
			children = (
				3767B6D6BA0F789D1EA64F4B /* libPods-iOS-Shopper18.a */,
			);
			name = Frameworks;
			sourceTree = "<group>";
		};
		DF3FF0407FBDBA03D55CBC33 /* Pods */ = {
			isa = PBXGroup;
			children = (
				61DEB2EB65CBFCEA080A7666 /* Pods-iOS-Shopper18.debug.xcconfig */,
				321B2C67D44EE3915873EAE5 /* Pods-iOS-Shopper18.release.xcconfig */,
			);
			path = Pods;
			sourceTree = "<group>";
		};
		E1C4536E227CC180001CD5E6 /* XLFormCells */ = {
			isa = PBXGroup;
			children = (
				E1C45372227CC1D4001CD5E6 /* FloatLabeledTextFieldCell.h */,
				E1C4536F227CC1BF001CD5E6 /* FloatLabeledTextFieldCell.m */,
			);
			path = XLFormCells;
			sourceTree = "<group>";
		};
		E1C45373227D3A91001CD5E6 /* Base */ = {
			isa = PBXGroup;
			children = (
				E1C45374227D3AA5001CD5E6 /* BaseFormViewController.h */,
				E1C45375227D3AA5001CD5E6 /* BaseFormViewController.m */,
			);
			path = Base;
			sourceTree = "<group>";
		};
		E1C45378227D483B001CD5E6 /* Extensions */ = {
			isa = PBXGroup;
			children = (
				E1C45379227D4875001CD5E6 /* UIView+InterfaceBuilder.h */,
				E1C4537A227D4875001CD5E6 /* UIView+InterfaceBuilder.m */,
			);
			path = Extensions;
			sourceTree = "<group>";
		};
		E1E25584227B61EF00230E4F = {
			isa = PBXGroup;
			children = (
				E1E2558F227B61EF00230E4F /* iOS-Shopper18 */,
				E1E2558E227B61EF00230E4F /* Products */,
				DF3FF0407FBDBA03D55CBC33 /* Pods */,
				0694EF2DA5E038A9B316777E /* Frameworks */,
			);
			sourceTree = "<group>";
		};
		E1E2558E227B61EF00230E4F /* Products */ = {
			isa = PBXGroup;
			children = (
				E1E2558D227B61EF00230E4F /* iOS-Shopper18.app */,
			);
			name = Products;
			sourceTree = "<group>";
		};
		E1E2558F227B61EF00230E4F /* iOS-Shopper18 */ = {
			isa = PBXGroup;
			children = (
				E1EC9F5B227BA69A00FD5CBB /* Utilities */,
				E1C45378227D483B001CD5E6 /* Extensions */,
				E1E255AE227B647C00230E4F /* Controller */,
				E1E255AD227B647600230E4F /* ViewModel */,
				E1E255AC227B647100230E4F /* View */,
				E1E255AB227B646A00230E4F /* Model */,
				E1E255AA227B63B800230E4F /* AppDelegate */,
				E1E255A6227B62B900230E4F /* Storyboards */,
				E1E255A7227B636100230E4F /* SupportFiles */,
			);
			path = "iOS-Shopper18";
			sourceTree = "<group>";
		};
		E1E255A6227B62B900230E4F /* Storyboards */ = {
			isa = PBXGroup;
			children = (
				6D0137B5227C9C8800797006 /* Main.storyboard */,
				E1C45366227CB47A001CD5E6 /* Login.storyboard */,
				E1E2559B227B61F000230E4F /* LaunchScreen.storyboard */,
				E1AF4A31227E411D0087D198 /* Category.storyboard */,
			);
			path = Storyboards;
			sourceTree = "<group>";
		};
		E1E255A7227B636100230E4F /* SupportFiles */ = {
			isa = PBXGroup;
			children = (
				E1E2559F227B61F000230E4F /* main.m */,
				E1E2559E227B61F000230E4F /* Info.plist */,
				E1E25599227B61F000230E4F /* Assets.xcassets */,
				E1E255A8227B639400230E4F /* Colors.xcassets */,
			);
			path = SupportFiles;
			sourceTree = "<group>";
		};
		E1E255AA227B63B800230E4F /* AppDelegate */ = {
			isa = PBXGroup;
			children = (
				E1E25590227B61EF00230E4F /* AppDelegate.h */,
				E1E25591227B61EF00230E4F /* AppDelegate.m */,
			);
			path = AppDelegate;
			sourceTree = "<group>";
		};
		E1E255AB227B646A00230E4F /* Model */ = {
			isa = PBXGroup;
			children = (
				E1E255B2227B733300230E4F /* APIHandler.h */,
				E1E255B3227B733300230E4F /* APIHandler.m */,
				E18ADF47227C10EA001EC15F /* APIParser.h */,
				E18ADF48227C10EA001EC15F /* APIParser.m */,
				E1F91D09227BEBE8009D0D54 /* Order.h */,
				E1F91D0A227BEBE8009D0D54 /* Order.m */,
				E18ADF41227C034C001EC15F /* Category.h */,
				E18ADF42227C034C001EC15F /* Category.m */,
				E18ADF44227C0A48001EC15F /* Product.h */,
				E18ADF45227C0A48001EC15F /* Product.m */,
				E1AF4A33227E47B40087D198 /* User.h */,
				E1AF4A34227E47B40087D198 /* User.m */,
			);
			path = Model;
			sourceTree = "<group>";
		};
		E1E255AC227B647100230E4F /* View */ = {
			isa = PBXGroup;
			children = (
				E1C4536E227CC180001CD5E6 /* XLFormCells */,
				6D0137AF227C9BD100797006 /* CategoryViewCell.h */,
				6D0137B0227C9BD100797006 /* CategoryViewCell.m */,
			);
			path = View;
			sourceTree = "<group>";
		};
		E1E255AD227B647600230E4F /* ViewModel */ = {
			isa = PBXGroup;
			children = (
				E1E255B5227B74A400230E4F /* LoginViewModel.h */,
				E1E255B6227B74A400230E4F /* LoginViewModel.m */,
				E1C4536B227CB586001CD5E6 /* RegisterViewModel.h */,
				E1C4536C227CB586001CD5E6 /* RegisterViewModel.m */,
				6D0137B1227C9BD100797006 /* CategoriesViewModel.h */,
				6D0137B2227C9BD200797006 /* CategoriesViewModel.m */,
			);
			path = ViewModel;
			sourceTree = "<group>";
		};
		E1E255AE227B647C00230E4F /* Controller */ = {
			isa = PBXGroup;
			children = (
				E1C45373227D3A91001CD5E6 /* Base */,
				E1E255AF227B731A00230E4F /* LoginViewController.h */,
				E1E255B0227B731A00230E4F /* LoginViewController.m */,
				6D0137AD227C9B6800797006 /* CategoriesViewController.h */,
				6D0137AC227C9B6800797006 /* CategoriesViewController.m */,
				E1C45368227CB4E3001CD5E6 /* RegisterViewController.h */,
				E1C45369227CB4E3001CD5E6 /* RegisterViewController.m */,
				A3E30391227CEA3E001E48AF /* FeedbackViewController.h */,
				A3E30392227CEA3E001E48AF /* FeedbackViewController.m */,
			);
			path = Controller;
			sourceTree = "<group>";
		};
		E1EC9F5B227BA69A00FD5CBB /* Utilities */ = {
			isa = PBXGroup;
			children = (
				E1EC9F5C227BA6AC00FD5CBB /* PrefixHeader.pch */,
				E1EC9F5D227BA6B800FD5CBB /* Constants.h */,
			);
			path = Utilities;
			sourceTree = "<group>";
		};
/* End PBXGroup section */

/* Begin PBXNativeTarget section */
		E1E2558C227B61EF00230E4F /* iOS-Shopper18 */ = {
			isa = PBXNativeTarget;
			buildConfigurationList = E1E255A3227B61F000230E4F /* Build configuration list for PBXNativeTarget "iOS-Shopper18" */;
			buildPhases = (
				B99999C0F38C11C28DA4E15E /* [CP] Check Pods Manifest.lock */,
				E1E25589227B61EF00230E4F /* Sources */,
				E1E2558A227B61EF00230E4F /* Frameworks */,
				E1E2558B227B61EF00230E4F /* Resources */,
				3A6DD04F58F4F85BF039581C /* [CP] Copy Pods Resources */,
			);
			buildRules = (
			);
			dependencies = (
			);
			name = "iOS-Shopper18";
			productName = "iOS-Shopper18";
			productReference = E1E2558D227B61EF00230E4F /* iOS-Shopper18.app */;
			productType = "com.apple.product-type.application";
		};
/* End PBXNativeTarget section */

/* Begin PBXProject section */
		E1E25585227B61EF00230E4F /* Project object */ = {
			isa = PBXProject;
			attributes = {
				LastUpgradeCheck = 1020;
				ORGANIZATIONNAME = iOSPlayground;
				TargetAttributes = {
					E1E2558C227B61EF00230E4F = {
						CreatedOnToolsVersion = 10.2;
					};
				};
			};
			buildConfigurationList = E1E25588227B61EF00230E4F /* Build configuration list for PBXProject "iOS-Shopper18" */;
			compatibilityVersion = "Xcode 9.3";
			developmentRegion = en;
			hasScannedForEncodings = 0;
			knownRegions = (
				en,
				Base,
			);
			mainGroup = E1E25584227B61EF00230E4F;
			productRefGroup = E1E2558E227B61EF00230E4F /* Products */;
			projectDirPath = "";
			projectRoot = "";
			targets = (
				E1E2558C227B61EF00230E4F /* iOS-Shopper18 */,
			);
		};
/* End PBXProject section */

/* Begin PBXResourcesBuildPhase section */
		E1E2558B227B61EF00230E4F /* Resources */ = {
			isa = PBXResourcesBuildPhase;
			buildActionMask = 2147483647;
			files = (
				E1AF4A32227E411D0087D198 /* Category.storyboard in Resources */,
				6D0137B6227C9C8800797006 /* Main.storyboard in Resources */,
				E1E2559D227B61F000230E4F /* LaunchScreen.storyboard in Resources */,
				E1E255A9227B639400230E4F /* Colors.xcassets in Resources */,
				E1C45367227CB47A001CD5E6 /* Login.storyboard in Resources */,
				E1E2559A227B61F000230E4F /* Assets.xcassets in Resources */,
			);
			runOnlyForDeploymentPostprocessing = 0;
		};
/* End PBXResourcesBuildPhase section */

/* Begin PBXShellScriptBuildPhase section */
		3A6DD04F58F4F85BF039581C /* [CP] Copy Pods Resources */ = {
			isa = PBXShellScriptBuildPhase;
			buildActionMask = 2147483647;
			files = (
			);
			inputFileListPaths = (
				"${PODS_ROOT}/Target Support Files/Pods-iOS-Shopper18/Pods-iOS-Shopper18-resources-${CONFIGURATION}-input-files.xcfilelist",
			);
			name = "[CP] Copy Pods Resources";
			outputFileListPaths = (
				"${PODS_ROOT}/Target Support Files/Pods-iOS-Shopper18/Pods-iOS-Shopper18-resources-${CONFIGURATION}-output-files.xcfilelist",
			);
			runOnlyForDeploymentPostprocessing = 0;
			shellPath = /bin/sh;
			shellScript = "\"${PODS_ROOT}/Target Support Files/Pods-iOS-Shopper18/Pods-iOS-Shopper18-resources.sh\"\n";
			showEnvVarsInLog = 0;
		};
		B99999C0F38C11C28DA4E15E /* [CP] Check Pods Manifest.lock */ = {
			isa = PBXShellScriptBuildPhase;
			buildActionMask = 2147483647;
			files = (
			);
			inputFileListPaths = (
			);
			inputPaths = (
				"${PODS_PODFILE_DIR_PATH}/Podfile.lock",
				"${PODS_ROOT}/Manifest.lock",
			);
			name = "[CP] Check Pods Manifest.lock";
			outputFileListPaths = (
			);
			outputPaths = (
				"$(DERIVED_FILE_DIR)/Pods-iOS-Shopper18-checkManifestLockResult.txt",
			);
			runOnlyForDeploymentPostprocessing = 0;
			shellPath = /bin/sh;
			shellScript = "diff \"${PODS_PODFILE_DIR_PATH}/Podfile.lock\" \"${PODS_ROOT}/Manifest.lock\" > /dev/null\nif [ $? != 0 ] ; then\n    # print error to STDERR\n    echo \"error: The sandbox is not in sync with the Podfile.lock. Run 'pod install' or update your CocoaPods installation.\" >&2\n    exit 1\nfi\n# This output is used by Xcode 'outputs' to avoid re-running this script phase.\necho \"SUCCESS\" > \"${SCRIPT_OUTPUT_FILE_0}\"\n";
			showEnvVarsInLog = 0;
		};
/* End PBXShellScriptBuildPhase section */

/* Begin PBXSourcesBuildPhase section */
		E1E25589227B61EF00230E4F /* Sources */ = {
			isa = PBXSourcesBuildPhase;
			buildActionMask = 2147483647;
			files = (
				E18ADF43227C034C001EC15F /* Category.m in Sources */,
				E1C45376227D3AA5001CD5E6 /* BaseFormViewController.m in Sources */,
				E1F91D0B227BEBE8009D0D54 /* Order.m in Sources */,
				E1E255A0227B61F000230E4F /* main.m in Sources */,
				E1C4537B227D4875001CD5E6 /* UIView+InterfaceBuilder.m in Sources */,
				6D0137B3227C9BD200797006 /* CategoryViewCell.m in Sources */,
				E18ADF49227C10EA001EC15F /* APIParser.m in Sources */,
				E1E25592227B61EF00230E4F /* AppDelegate.m in Sources */,
				6D0137B4227C9BD200797006 /* CategoriesViewModel.m in Sources */,
				A3E30393227CEA3E001E48AF /* FeedbackViewController.m in Sources */,
				E1E255B1227B731A00230E4F /* LoginViewController.m in Sources */,
				E18ADF46227C0A48001EC15F /* Product.m in Sources */,
				E1C4536A227CB4E4001CD5E6 /* RegisterViewController.m in Sources */,
				E1E255B7227B74A400230E4F /* LoginViewModel.m in Sources */,
				6D0137AE227C9B6900797006 /* CategoriesViewController.m in Sources */,
				E1AF4A35227E47B40087D198 /* User.m in Sources */,
				E1C45371227CC1BF001CD5E6 /* FloatLabeledTextFieldCell.m in Sources */,
				E1E255B4227B733300230E4F /* APIHandler.m in Sources */,
				E1C4536D227CB586001CD5E6 /* RegisterViewModel.m in Sources */,
			);
			runOnlyForDeploymentPostprocessing = 0;
		};
/* End PBXSourcesBuildPhase section */

/* Begin PBXVariantGroup section */
		E1E2559B227B61F000230E4F /* LaunchScreen.storyboard */ = {
			isa = PBXVariantGroup;
			children = (
				E1E2559C227B61F000230E4F /* Base */,
			);
			name = LaunchScreen.storyboard;
			sourceTree = "<group>";
		};
/* End PBXVariantGroup section */

/* Begin XCBuildConfiguration section */
		E1E255A1227B61F000230E4F /* Debug */ = {
			isa = XCBuildConfiguration;
			buildSettings = {
				ALWAYS_SEARCH_USER_PATHS = NO;
				CLANG_ANALYZER_NONNULL = YES;
				CLANG_ANALYZER_NUMBER_OBJECT_CONVERSION = YES_AGGRESSIVE;
				CLANG_CXX_LANGUAGE_STANDARD = "gnu++14";
				CLANG_CXX_LIBRARY = "libc++";
				CLANG_ENABLE_MODULES = YES;
				CLANG_ENABLE_OBJC_ARC = YES;
				CLANG_ENABLE_OBJC_WEAK = YES;
				CLANG_WARN_BLOCK_CAPTURE_AUTORELEASING = YES;
				CLANG_WARN_BOOL_CONVERSION = YES;
				CLANG_WARN_COMMA = YES;
				CLANG_WARN_CONSTANT_CONVERSION = YES;
				CLANG_WARN_DEPRECATED_OBJC_IMPLEMENTATIONS = YES;
				CLANG_WARN_DIRECT_OBJC_ISA_USAGE = YES_ERROR;
				CLANG_WARN_DOCUMENTATION_COMMENTS = YES;
				CLANG_WARN_EMPTY_BODY = YES;
				CLANG_WARN_ENUM_CONVERSION = YES;
				CLANG_WARN_INFINITE_RECURSION = YES;
				CLANG_WARN_INT_CONVERSION = YES;
				CLANG_WARN_NON_LITERAL_NULL_CONVERSION = YES;
				CLANG_WARN_OBJC_IMPLICIT_RETAIN_SELF = YES;
				CLANG_WARN_OBJC_LITERAL_CONVERSION = YES;
				CLANG_WARN_OBJC_ROOT_CLASS = YES_ERROR;
				CLANG_WARN_RANGE_LOOP_ANALYSIS = YES;
				CLANG_WARN_STRICT_PROTOTYPES = YES;
				CLANG_WARN_SUSPICIOUS_MOVE = YES;
				CLANG_WARN_UNGUARDED_AVAILABILITY = YES_AGGRESSIVE;
				CLANG_WARN_UNREACHABLE_CODE = YES;
				CLANG_WARN__DUPLICATE_METHOD_MATCH = YES;
				CODE_SIGN_IDENTITY = "iPhone Developer";
				COPY_PHASE_STRIP = NO;
				DEBUG_INFORMATION_FORMAT = dwarf;
				ENABLE_STRICT_OBJC_MSGSEND = YES;
				ENABLE_TESTABILITY = YES;
				GCC_C_LANGUAGE_STANDARD = gnu11;
				GCC_DYNAMIC_NO_PIC = NO;
				GCC_NO_COMMON_BLOCKS = YES;
				GCC_OPTIMIZATION_LEVEL = 0;
				GCC_PREPROCESSOR_DEFINITIONS = (
					"DEBUG=1",
					"$(inherited)",
				);
				GCC_WARN_64_TO_32_BIT_CONVERSION = YES;
				GCC_WARN_ABOUT_RETURN_TYPE = YES_ERROR;
				GCC_WARN_UNDECLARED_SELECTOR = YES;
				GCC_WARN_UNINITIALIZED_AUTOS = YES_AGGRESSIVE;
				GCC_WARN_UNUSED_FUNCTION = YES;
				GCC_WARN_UNUSED_VARIABLE = YES;
				IPHONEOS_DEPLOYMENT_TARGET = 12.2;
				MTL_ENABLE_DEBUG_INFO = INCLUDE_SOURCE;
				MTL_FAST_MATH = YES;
				ONLY_ACTIVE_ARCH = YES;
				SDKROOT = iphoneos;
			};
			name = Debug;
		};
		E1E255A2227B61F000230E4F /* Release */ = {
			isa = XCBuildConfiguration;
			buildSettings = {
				ALWAYS_SEARCH_USER_PATHS = NO;
				CLANG_ANALYZER_NONNULL = YES;
				CLANG_ANALYZER_NUMBER_OBJECT_CONVERSION = YES_AGGRESSIVE;
				CLANG_CXX_LANGUAGE_STANDARD = "gnu++14";
				CLANG_CXX_LIBRARY = "libc++";
				CLANG_ENABLE_MODULES = YES;
				CLANG_ENABLE_OBJC_ARC = YES;
				CLANG_ENABLE_OBJC_WEAK = YES;
				CLANG_WARN_BLOCK_CAPTURE_AUTORELEASING = YES;
				CLANG_WARN_BOOL_CONVERSION = YES;
				CLANG_WARN_COMMA = YES;
				CLANG_WARN_CONSTANT_CONVERSION = YES;
				CLANG_WARN_DEPRECATED_OBJC_IMPLEMENTATIONS = YES;
				CLANG_WARN_DIRECT_OBJC_ISA_USAGE = YES_ERROR;
				CLANG_WARN_DOCUMENTATION_COMMENTS = YES;
				CLANG_WARN_EMPTY_BODY = YES;
				CLANG_WARN_ENUM_CONVERSION = YES;
				CLANG_WARN_INFINITE_RECURSION = YES;
				CLANG_WARN_INT_CONVERSION = YES;
				CLANG_WARN_NON_LITERAL_NULL_CONVERSION = YES;
				CLANG_WARN_OBJC_IMPLICIT_RETAIN_SELF = YES;
				CLANG_WARN_OBJC_LITERAL_CONVERSION = YES;
				CLANG_WARN_OBJC_ROOT_CLASS = YES_ERROR;
				CLANG_WARN_RANGE_LOOP_ANALYSIS = YES;
				CLANG_WARN_STRICT_PROTOTYPES = YES;
				CLANG_WARN_SUSPICIOUS_MOVE = YES;
				CLANG_WARN_UNGUARDED_AVAILABILITY = YES_AGGRESSIVE;
				CLANG_WARN_UNREACHABLE_CODE = YES;
				CLANG_WARN__DUPLICATE_METHOD_MATCH = YES;
				CODE_SIGN_IDENTITY = "iPhone Developer";
				COPY_PHASE_STRIP = NO;
				DEBUG_INFORMATION_FORMAT = "dwarf-with-dsym";
				ENABLE_NS_ASSERTIONS = NO;
				ENABLE_STRICT_OBJC_MSGSEND = YES;
				GCC_C_LANGUAGE_STANDARD = gnu11;
				GCC_NO_COMMON_BLOCKS = YES;
				GCC_WARN_64_TO_32_BIT_CONVERSION = YES;
				GCC_WARN_ABOUT_RETURN_TYPE = YES_ERROR;
				GCC_WARN_UNDECLARED_SELECTOR = YES;
				GCC_WARN_UNINITIALIZED_AUTOS = YES_AGGRESSIVE;
				GCC_WARN_UNUSED_FUNCTION = YES;
				GCC_WARN_UNUSED_VARIABLE = YES;
				IPHONEOS_DEPLOYMENT_TARGET = 12.2;
				MTL_ENABLE_DEBUG_INFO = NO;
				MTL_FAST_MATH = YES;
				SDKROOT = iphoneos;
				VALIDATE_PRODUCT = YES;
			};
			name = Release;
		};
		E1E255A4227B61F000230E4F /* Debug */ = {
			isa = XCBuildConfiguration;
			baseConfigurationReference = 61DEB2EB65CBFCEA080A7666 /* Pods-iOS-Shopper18.debug.xcconfig */;
			buildSettings = {
				ASSETCATALOG_COMPILER_APPICON_NAME = AppIcon;
				CODE_SIGN_STYLE = Automatic;
				DEVELOPMENT_TEAM = RQAE768Z9N;
				GCC_PRECOMPILE_PREFIX_HEADER = YES;
				GCC_PREFIX_HEADER = "$(SRCROOT)/$(PROJECT_NAME)/Utilities/PrefixHeader.pch";
				INFOPLIST_FILE = "iOS-Shopper18/SupportFiles/Info.plist";
				IPHONEOS_DEPLOYMENT_TARGET = 10.0;
				LD_RUNPATH_SEARCH_PATHS = (
					"$(inherited)",
					"@executable_path/Frameworks",
				);
				PRODUCT_BUNDLE_IDENTIFIER = "com.iOSDevs.iOS-Shopper18";
				PRODUCT_NAME = "$(TARGET_NAME)";
				TARGETED_DEVICE_FAMILY = 1;
			};
			name = Debug;
		};
		E1E255A5227B61F000230E4F /* Release */ = {
			isa = XCBuildConfiguration;
			baseConfigurationReference = 321B2C67D44EE3915873EAE5 /* Pods-iOS-Shopper18.release.xcconfig */;
			buildSettings = {
				ASSETCATALOG_COMPILER_APPICON_NAME = AppIcon;
				CODE_SIGN_STYLE = Automatic;
				DEVELOPMENT_TEAM = RQAE768Z9N;
				GCC_PRECOMPILE_PREFIX_HEADER = YES;
				GCC_PREFIX_HEADER = "$(SRCROOT)/$(PROJECT_NAME)/Utilities/PrefixHeader.pch";
				INFOPLIST_FILE = "iOS-Shopper18/SupportFiles/Info.plist";
				IPHONEOS_DEPLOYMENT_TARGET = 10.0;
				LD_RUNPATH_SEARCH_PATHS = (
					"$(inherited)",
					"@executable_path/Frameworks",
				);
				PRODUCT_BUNDLE_IDENTIFIER = "com.iOSDevs.iOS-Shopper18";
				PRODUCT_NAME = "$(TARGET_NAME)";
				TARGETED_DEVICE_FAMILY = 1;
			};
			name = Release;
		};
/* End XCBuildConfiguration section */

/* Begin XCConfigurationList section */
		E1E25588227B61EF00230E4F /* Build configuration list for PBXProject "iOS-Shopper18" */ = {
			isa = XCConfigurationList;
			buildConfigurations = (
				E1E255A1227B61F000230E4F /* Debug */,
				E1E255A2227B61F000230E4F /* Release */,
			);
			defaultConfigurationIsVisible = 0;
			defaultConfigurationName = Release;
		};
		E1E255A3227B61F000230E4F /* Build configuration list for PBXNativeTarget "iOS-Shopper18" */ = {
			isa = XCConfigurationList;
			buildConfigurations = (
				E1E255A4227B61F000230E4F /* Debug */,
				E1E255A5227B61F000230E4F /* Release */,
			);
			defaultConfigurationIsVisible = 0;
			defaultConfigurationName = Release;
		};
/* End XCConfigurationList section */
	};
	rootObject = E1E25585227B61EF00230E4F /* Project object */;
}
