PODS:
  - Braintree (4.23.0):
    - Braintree/Card (= 4.23.0)
    - Braintree/Core (= 4.23.0)
    - Braintree/PayPal (= 4.23.0)
    - Braintree/UI (= 4.23.0)
  - Braintree/Card (4.23.0):
    - Braintree/Core
  - Braintree/Core (4.23.0)
  - Braintree/PaymentFlow (4.23.0):
    - Braintree/Card
    - Braintree/Core
    - Braintree/PayPalOneTouch
  - Braintree/PayPal (4.23.0):
    - Braintree/Core
    - Braintree/PayPalOneTouch
  - Braintree/PayPalDataCollector (4.23.0):
    - Braintree/Core
    - Braintree/PayPalUtils
  - Braintree/PayPalOneTouch (4.23.0):
    - Braintree/Core
    - Braintree/PayPalDataCollector
    - Braintree/PayPalUtils
  - Braintree/PayPalUtils (4.23.0)
  - Braintree/UI (4.23.0):
    - Braintree/Card
    - Braintree/Core
  - Braintree/UnionPay (4.23.0):
    - Braintree/Card
    - Braintree/Core
  - BraintreeDropIn (7.1.0):
    - BraintreeDropIn/DropIn (= 7.1.0)
  - BraintreeDropIn/DropIn (7.1.0):
    - Braintree/Card (~> 4.23)
    - Braintree/Core (~> 4.23)
    - Braintree/PaymentFlow (~> 4.23)
    - Braintree/PayPal (~> 4.23)
    - Braintree/UnionPay (~> 4.23)
    - BraintreeDropIn/UIKit
  - BraintreeDropIn/UIKit (7.1.0)
  - JVFloatLabeledTextField (1.0.2)
  - libextobjc (0.6):
    - libextobjc/EXTADT (= 0.6)
    - libextobjc/EXTConcreteProtocol (= 0.6)
    - libextobjc/EXTKeyPathCoding (= 0.6)
    - libextobjc/EXTNil (= 0.6)
    - libextobjc/EXTSafeCategory (= 0.6)
    - libextobjc/EXTScope (= 0.6)
    - libextobjc/EXTSelectorChecking (= 0.6)
    - libextobjc/EXTSynthesize (= 0.6)
    - "libextobjc/NSInvocation+EXT (= 0.6)"
    - "libextobjc/NSMethodSignature+EXT (= 0.6)"
    - libextobjc/RuntimeExtensions (= 0.6)
    - libextobjc/UmbrellaHeader (= 0.6)
  - libextobjc/EXTADT (0.6):
    - libextobjc/RuntimeExtensions
  - libextobjc/EXTConcreteProtocol (0.6):
    - libextobjc/RuntimeExtensions
  - libextobjc/EXTKeyPathCoding (0.6):
    - libextobjc/RuntimeExtensions
  - libextobjc/EXTNil (0.6):
    - libextobjc/RuntimeExtensions
  - libextobjc/EXTSafeCategory (0.6):
    - libextobjc/RuntimeExtensions
  - libextobjc/EXTScope (0.6):
    - libextobjc/RuntimeExtensions
  - libextobjc/EXTSelectorChecking (0.6):
    - libextobjc/RuntimeExtensions
  - libextobjc/EXTSynthesize (0.6):
    - libextobjc/RuntimeExtensions
  - "libextobjc/NSInvocation+EXT (0.6)":
    - libextobjc/RuntimeExtensions
  - "libextobjc/NSMethodSignature+EXT (0.6)":
    - libextobjc/RuntimeExtensions
  - libextobjc/RuntimeExtensions (0.6)
  - libextobjc/UmbrellaHeader (0.6)
  - SDWebImage (5.0.2):
    - SDWebImage/Core (= 5.0.2)
  - SDWebImage/Core (5.0.2)
  - surveymonkey-ios-sdk (2.0.4)
  - SVProgressHUD (2.2.5)
  - TWMessageBarManager (1.8.1)
  - XLForm (4.0.1)

DEPENDENCIES:
  - Braintree
  - Braintree/PayPal
  - BraintreeDropIn
  - JVFloatLabeledTextField (= 1.0.2)
  - libextobjc
  - SDWebImage
  - surveymonkey-ios-sdk
  - SVProgressHUD
  - TWMessageBarManager
  - XLForm

SPEC REPOS:
  https://github.com/cocoapods/specs.git:
    - Braintree
    - BraintreeDropIn
    - JVFloatLabeledTextField
    - libextobjc
    - SDWebImage
    - surveymonkey-ios-sdk
    - SVProgressHUD
    - TWMessageBarManager
    - XLForm

SPEC CHECKSUMS:
  Braintree: b5841b9b1c1dadc86959db3e29d36099b67f91bf
  BraintreeDropIn: a019fcbf4edb87c55780ec01d5db3998b19164ce
  JVFloatLabeledTextField: 58a3a32cfb800e5b224f676987e7c13abf50a14d
  libextobjc: aed8b7d2b07f511c1a7ecaacb33ea03e327c69b7
  SDWebImage: 6764b5fa0f73c203728052955dbefa2bf1f33282
  surveymonkey-ios-sdk: 974f5b54687df43edf63253f6de8da035237e15f
  SVProgressHUD: 1428aafac632c1f86f62aa4243ec12008d7a51d6
  TWMessageBarManager: fd84e7948ba7968a2b5d9454859135761214ec56
  XLForm: b8d47a9a00fb6166981cb40de7169d70d611e9be

PODFILE CHECKSUM: 4aa3228563c1f27c1a7204125469c3583bb94cb5

COCOAPODS: 1.6.1
